
Microsoft Visual Studio Solution File, Format Version 12.00
# Visual Studio 14
VisualStudioVersion = 14.0.25420.1
MinimumVisualStudioVersion = 10.0.40219.1
Project("{FAE04EC0-301F-11D3-BF4B-00C04F79EFBC}") = "TriangleTypesProject", "TriangleTypesProject\TriangleTypesProject.csproj", "{DCB2AB42-522E-42DA-B8BE-3E491E14AA37}"
EndProject
Project("{FAE04EC0-301F-11D3-BF4B-00C04F79EFBC}") = "InterfaceTriangle", "InterfaceTriangle\InterfaceTriangle.csproj", "{F2012234-C91E-474D-9FF8-84E50CCD860D}"
EndProject
Project("{FAE04EC0-301F-11D3-BF4B-00C04F79EFBC}") = "Trangle Repository", "Trangle Repository\Trangle Repository.csproj", "{8DB6046C-838C-4311-AAE4-E0A7F62A6203}"
EndProject
Project("{FAE04EC0-301F-11D3-BF4B-00C04F79EFBC}") = "ValidationRepo", "ValidationRepo\ValidationRepo.csproj", "{0B8F4AA3-9A04-4CAB-979C-695946FA9E6B}"
EndProject
Project("{FAE04EC0-301F-11D3-BF4B-00C04F79EFBC}") = "UtilityHelper", "UtilityHelper\UtilityHelper.csproj", "{6E8B66E9-969B-453F-97BA-22518CB68BB4}"
EndProject
Project("{FAE04EC0-301F-11D3-BF4B-00C04F79EFBC}") = "TriangleUnitTestProject", "TriangleUnitTestProject\TriangleUnitTestProject.csproj", "{6BA4360A-BDA9-439C-84C4-00457B1B276E}"
EndProject
Project("{FAE04EC0-301F-11D3-BF4B-00C04F79EFBC}") = "FactoryTriangle", "FactoryTriangle\FactoryTriangle.csproj", "{72A105DA-271C-4B2B-97CB-57A5C3455892}"
EndProject
Global
	GlobalSection(SolutionConfigurationPlatforms) = preSolution
		Debug|Any CPU = Debug|Any CPU
		Release|Any CPU = Release|Any CPU
	EndGlobalSection
	GlobalSection(ProjectConfigurationPlatforms) = postSolution
		{DCB2AB42-522E-42DA-B8BE-3E491E14AA37}.Debug|Any CPU.ActiveCfg = Debug|Any CPU
		{DCB2AB42-522E-42DA-B8BE-3E491E14AA37}.Debug|Any CPU.Build.0 = Debug|Any CPU
		{DCB2AB42-522E-42DA-B8BE-3E491E14AA37}.Release|Any CPU.ActiveCfg = Release|Any CPU
		{DCB2AB42-522E-42DA-B8BE-3E491E14AA37}.Release|Any CPU.Build.0 = Release|Any CPU
		{F2012234-C91E-474D-9FF8-84E50CCD860D}.Debug|Any CPU.ActiveCfg = Debug|Any CPU
		{F2012234-C91E-474D-9FF8-84E50CCD860D}.Debug|Any CPU.Build.0 = Debug|Any CPU
		{F2012234-C91E-474D-9FF8-84E50CCD860D}.Release|Any CPU.ActiveCfg = Release|Any CPU
		{F2012234-C91E-474D-9FF8-84E50CCD860D}.Release|Any CPU.Build.0 = Release|Any CPU
		{8DB6046C-838C-4311-AAE4-E0A7F62A6203}.Debug|Any CPU.ActiveCfg = Debug|Any CPU
		{8DB6046C-838C-4311-AAE4-E0A7F62A6203}.Debug|Any CPU.Build.0 = Debug|Any CPU
		{8DB6046C-838C-4311-AAE4-E0A7F62A6203}.Release|Any CPU.ActiveCfg = Release|Any CPU
		{8DB6046C-838C-4311-AAE4-E0A7F62A6203}.Release|Any CPU.Build.0 = Release|Any CPU
		{0B8F4AA3-9A04-4CAB-979C-695946FA9E6B}.Debug|Any CPU.ActiveCfg = Debug|Any CPU
		{0B8F4AA3-9A04-4CAB-979C-695946FA9E6B}.Debug|Any CPU.Build.0 = Debug|Any CPU
		{0B8F4AA3-9A04-4CAB-979C-695946FA9E6B}.Release|Any CPU.ActiveCfg = Release|Any CPU
		{0B8F4AA3-9A04-4CAB-979C-695946FA9E6B}.Release|Any CPU.Build.0 = Release|Any CPU
		{6E8B66E9-969B-453F-97BA-22518CB68BB4}.Debug|Any CPU.ActiveCfg = Debug|Any CPU
		{6E8B66E9-969B-453F-97BA-22518CB68BB4}.Debug|Any CPU.Build.0 = Debug|Any CPU
		{6E8B66E9-969B-453F-97BA-22518CB68BB4}.Release|Any CPU.ActiveCfg = Release|Any CPU
		{6E8B66E9-969B-453F-97BA-22518CB68BB4}.Release|Any CPU.Build.0 = Release|Any CPU
		{6BA4360A-BDA9-439C-84C4-00457B1B276E}.Debug|Any CPU.ActiveCfg = Debug|Any CPU
		{6BA4360A-BDA9-439C-84C4-00457B1B276E}.Debug|Any CPU.Build.0 = Debug|Any CPU
		{6BA4360A-BDA9-439C-84C4-00457B1B276E}.Release|Any CPU.ActiveCfg = Release|Any CPU
		{6BA4360A-BDA9-439C-84C4-00457B1B276E}.Release|Any CPU.Build.0 = Release|Any CPU
		{72A105DA-271C-4B2B-97CB-57A5C3455892}.Debug|Any CPU.ActiveCfg = Debug|Any CPU
		{72A105DA-271C-4B2B-97CB-57A5C3455892}.Debug|Any CPU.Build.0 = Debug|Any CPU
		{72A105DA-271C-4B2B-97CB-57A5C3455892}.Release|Any CPU.ActiveCfg = Release|Any CPU
		{72A105DA-271C-4B2B-97CB-57A5C3455892}.Release|Any CPU.Build.0 = Release|Any CPU
	EndGlobalSection
	GlobalSection(SolutionProperties) = preSolution
		HideSolutionNode = FALSE
	EndGlobalSection
EndGlobal
